
Microsoft Visual Studio Solution File, Format Version 12.00
Project("{FAE04EC0-301F-11D3-BF4B-00C04F79EFBC}") = "Mission06_Newell", "Mission06_Newell\Mission06_Newell.csproj", "{57B42826-7F63-40B9-96B9-18C5548C2A52}"
EndProject
Global
	GlobalSection(SolutionConfigurationPlatforms) = preSolution
		Debug|Any CPU = Debug|Any CPU
		Release|Any CPU = Release|Any CPU
	EndGlobalSection
	GlobalSection(ProjectConfigurationPlatforms) = postSolution
		{57B42826-7F63-40B9-96B9-18C5548C2A52}.Debug|Any CPU.ActiveCfg = Debug|Any CPU
		{57B42826-7F63-40B9-96B9-18C5548C2A52}.Debug|Any CPU.Build.0 = Debug|Any CPU
		{57B42826-7F63-40B9-96B9-18C5548C2A52}.Release|Any CPU.ActiveCfg = Release|Any CPU
		{57B42826-7F63-40B9-96B9-18C5548C2A52}.Release|Any CPU.Build.0 = Release|Any CPU
	EndGlobalSection
EndGlobal
